<?xml version="1.0" encoding="utf-8"?>
<Project ToolsVersion="4.0" xmlns="http://schemas.microsoft.com/developer/msbuild/2003">
  <ItemGroup>
    <Filter Include="源文件">
      <UniqueIdentifier>{4FC737F1-C7A5-4376-A066-2A32D752A2FF}</UniqueIdentifier>
      <Extensions>cpp;c;cc;cxx;c++;cppm;ixx;def;odl;idl;hpj;bat;asm;asmx</Extensions>
    </Filter>
    <Filter Include="头文件">
      <UniqueIdentifier>{93995380-89BD-4b04-88EB-625FBE52EBFB}</UniqueIdentifier>
      <Extensions>h;hh;hpp;hxx;h++;hm;inl;inc;ipp;xsd</Extensions>
    </Filter>
    <Filter Include="资源文件">
      <UniqueIdentifier>{67DA6AB6-F800-4c08-8B7A-83BB121AAD01}</UniqueIdentifier>
      <Extensions>rc;ico;cur;bmp;dlg;rc2;rct;bin;rgs;gif;jpg;jpeg;jpe;resx;tiff;tif;png;wav;mfcribbon-ms</Extensions>
    </Filter>
  </ItemGroup>
  <ItemGroup>
    <ClCompile Include="src\DXRuntime\Device.cpp">
      <Filter>源文件</Filter>
    </ClCompile>
    <ClCompile Include="src\Resource\Buffer.cpp">
      <Filter>源文件</Filter>
    </ClCompile>
    <ClCompile Include="src\Resource\DefaultBuffer.cpp">
      <Filter>源文件</Filter>
    </ClCompile>
    <ClCompile Include="src\Resource\Mesh.cpp">
      <Filter>源文件</Filter>
    </ClCompile>
    <ClCompile Include="src\Resource\ReadbackBuffer.cpp">
      <Filter>源文件</Filter>
    </ClCompile>
    <ClCompile Include="src\Resource\UploadBuffer.cpp">
      <Filter>源文件</Filter>
    </ClCompile>
    <ClCompile Include="src\Utility\ReflactableStruct.cpp">
      <Filter>源文件</Filter>
    </ClCompile>
    <ClCompile Include="src\D3D12HelloTriangle.cpp">
      <Filter>源文件</Filter>
    </ClCompile>
    <ClCompile Include="src\DXSample.cpp">
      <Filter>源文件</Filter>
    </ClCompile>
    <ClCompile Include="src\Main.cpp">
      <Filter>源文件</Filter>
    </ClCompile>
    <ClCompile Include="src\Win32Application.cpp">
      <Filter>源文件</Filter>
    </ClCompile>
    <ClCompile Include="src\Resource\DDSTextureLoader.cpp">
      <Filter>源文件</Filter>
    </ClCompile>
    <ClCompile Include="src\Resource\Camera.cpp">
      <Filter>源文件</Filter>
    </ClCompile>
    <ClCompile Include="src\Resource\GameTimer.cpp">
      <Filter>源文件</Filter>
    </ClCompile>
    <ClCompile Include="src\Resource\GeometryGenerator.cpp">
      <Filter>源文件</Filter>
    </ClCompile>
    <ClCompile Include="src\Resource\MathHelper.cpp">
      <Filter>源文件</Filter>
    </ClCompile>
    <ClCompile Include="src\Resource\RenderItem.cpp">
      <Filter>源文件</Filter>
    </ClCompile>
    <ClCompile Include="src\Resource\Texture.cpp">
      <Filter>源文件</Filter>
    </ClCompile>
    <ClCompile Include="src\Resource\FrameResource.cpp">
      <Filter>源文件</Filter>
    </ClCompile>
    <ClCompile Include="src\Resource\Pass.cpp">
      <Filter>源文件</Filter>
    </ClCompile>
    <ClCompile Include="src\Resource\CubeRenderTarget.cpp">
      <Filter>源文件</Filter>
    </ClCompile>
    <ClCompile Include="src\Resource\DescriptorHeap.cpp">
      <Filter>源文件</Filter>
    </ClCompile>
    <ClCompile Include="src\DXRuntime\CommandListHandle.cpp">
      <Filter>源文件</Filter>
    </ClCompile>
  </ItemGroup>
  <ItemGroup>
    <ClInclude Include="src\DXRuntime\Device.h">
      <Filter>头文件</Filter>
    </ClInclude>
    <ClInclude Include="src\Resource\Buffer.h">
      <Filter>头文件</Filter>
    </ClInclude>
    <ClInclude Include="src\Resource\BufferView.h">
      <Filter>头文件</Filter>
    </ClInclude>
    <ClInclude Include="src\Resource\DefaultBuffer.h">
      <Filter>头文件</Filter>
    </ClInclude>
    <ClInclude Include="src\Resource\Mesh.h">
      <Filter>头文件</Filter>
    </ClInclude>
    <ClInclude Include="src\Resource\ReadbackBuffer.h">
      <Filter>头文件</Filter>
    </ClInclude>
    <ClInclude Include="src\Resource\Resource.h">
      <Filter>头文件</Filter>
    </ClInclude>
    <ClInclude Include="src\Resource\UploadBuffer.h">
      <Filter>头文件</Filter>
    </ClInclude>
    <ClInclude Include="src\Utility\ReflactableStruct.h">
      <Filter>头文件</Filter>
    </ClInclude>
    <ClInclude Include="src\D3D12HelloTriangle.h">
      <Filter>头文件</Filter>
    </ClInclude>
    <ClInclude Include="src\d3dx12.h">
      <Filter>头文件</Filter>
    </ClInclude>
    <ClInclude Include="src\DXSample.h">
      <Filter>头文件</Filter>
    </ClInclude>
    <ClInclude Include="src\Metalib.h">
      <Filter>头文件</Filter>
    </ClInclude>
    <ClInclude Include="src\stdafx.h">
      <Filter>头文件</Filter>
    </ClInclude>
    <ClInclude Include="src\Win32Application.h">
      <Filter>头文件</Filter>
    </ClInclude>
    <ClInclude Include="src\Resource\Camera.h">
      <Filter>头文件</Filter>
    </ClInclude>
    <ClInclude Include="src\Resource\DDSTextureLoader.h">
      <Filter>头文件</Filter>
    </ClInclude>
    <ClInclude Include="src\Resource\GameTimer.h">
      <Filter>头文件</Filter>
    </ClInclude>
    <ClInclude Include="src\Resource\GeometryGenerator.h">
      <Filter>头文件</Filter>
    </ClInclude>
    <ClInclude Include="src\Resource\MathHelper.h">
      <Filter>头文件</Filter>
    </ClInclude>
    <ClInclude Include="src\Resource\RenderItem.h">
      <Filter>头文件</Filter>
    </ClInclude>
    <ClInclude Include="src\Resource\Texture.h">
      <Filter>头文件</Filter>
    </ClInclude>
    <ClInclude Include="src\Resource\FrameResource.h">
      <Filter>头文件</Filter>
    </ClInclude>
    <ClInclude Include="src\Resource\Material.h">
      <Filter>头文件</Filter>
    </ClInclude>
    <ClInclude Include="src\Resource\Pass.h">
      <Filter>头文件</Filter>
    </ClInclude>
    <ClInclude Include="src\Resource\CubeRenderTarget.h">
      <Filter>头文件</Filter>
    </ClInclude>
    <ClInclude Include="src\Resource\DescriptorHeap.h">
      <Filter>头文件</Filter>
    </ClInclude>
    <ClInclude Include="src\Resource\DescriptorHeapView.h">
      <Filter>头文件</Filter>
    </ClInclude>
    <ClInclude Include="src\DXRuntime\CommandListHandle.h">
      <Filter>头文件</Filter>
    </ClInclude>
    <ClInclude Include="src\DXSampleHelper.h">
      <Filter>头文件</Filter>
    </ClInclude>
  </ItemGroup>
</Project>